
Microsoft Visual Studio Solution File, Format Version 12.00
# Visual Studio Version 17
VisualStudioVersion = 17.14.36518.9 d17.14
MinimumVisualStudioVersion = 10.0.40219.1
Project("{FAE04EC0-301F-11D3-BF4B-00C04F79EFBC}") = "Cellular Automaton", "Cellular Automaton\Cellular Automaton.csproj", "{2179741D-0819-4CF6-9250-969E4B6FDF6E}"
EndProject
Global
	GlobalSection(SolutionConfigurationPlatforms) = preSolution
		Debug|Any CPU = Debug|Any CPU
		Release|Any CPU = Release|Any CPU
	EndGlobalSection
	GlobalSection(ProjectConfigurationPlatforms) = postSolution
		{2179741D-0819-4CF6-9250-969E4B6FDF6E}.Debug|Any CPU.ActiveCfg = Debug|Any CPU
		{2179741D-0819-4CF6-9250-969E4B6FDF6E}.Debug|Any CPU.Build.0 = Debug|Any CPU
		{2179741D-0819-4CF6-9250-969E4B6FDF6E}.Release|Any CPU.ActiveCfg = Release|Any CPU
		{2179741D-0819-4CF6-9250-969E4B6FDF6E}.Release|Any CPU.Build.0 = Release|Any CPU
	EndGlobalSection
	GlobalSection(SolutionProperties) = preSolution
		HideSolutionNode = FALSE
	EndGlobalSection
	GlobalSection(ExtensibilityGlobals) = postSolution
		SolutionGuid = {25086A1C-560F-49DE-BE09-32BF7E7DC522}
	EndGlobalSection
EndGlobal
